
Microsoft Visual Studio Solution File, Format Version 12.00
# Visual Studio Version 16
VisualStudioVersion = 16.0.31729.503
MinimumVisualStudioVersion = 10.0.40219.1
Project("{FAE04EC0-301F-11D3-BF4B-00C04F79EFBC}") = "Books Management With MVC", "Books Management\Books Management With MVC.csproj", "{1B57F023-A424-424B-9241-C4A57F9C76F3}"
EndProject
Global
	GlobalSection(SolutionConfigurationPlatforms) = preSolution
		Debug|Any CPU = Debug|Any CPU
		Release|Any CPU = Release|Any CPU
	EndGlobalSection
	GlobalSection(ProjectConfigurationPlatforms) = postSolution
		{1B57F023-A424-424B-9241-C4A57F9C76F3}.Debug|Any CPU.ActiveCfg = Debug|Any CPU
		{1B57F023-A424-424B-9241-C4A57F9C76F3}.Debug|Any CPU.Build.0 = Debug|Any CPU
		{1B57F023-A424-424B-9241-C4A57F9C76F3}.Release|Any CPU.ActiveCfg = Release|Any CPU
		{1B57F023-A424-424B-9241-C4A57F9C76F3}.Release|Any CPU.Build.0 = Release|Any CPU
	EndGlobalSection
	GlobalSection(SolutionProperties) = preSolution
		HideSolutionNode = FALSE
	EndGlobalSection
	GlobalSection(ExtensibilityGlobals) = postSolution
		SolutionGuid = {713596E5-6058-4295-97F4-FE8E7BA0296C}
	EndGlobalSection
EndGlobal
